
Microsoft Visual Studio Solution File, Format Version 12.00
# Visual Studio Version 17
VisualStudioVersion = 17.5.002.0
MinimumVisualStudioVersion = 10.0.40219.1
Project("{9A19103F-16F7-4668-BE54-9A1E7A4F7556}") = "WebApplication3", "WebApplication3.csproj", "{379FDB3D-E54D-4C67-800F-6961D7DFE1AB}"
EndProject
Global
	GlobalSection(SolutionConfigurationPlatforms) = preSolution
		Debug|Any CPU = Debug|Any CPU
		Release|Any CPU = Release|Any CPU
	EndGlobalSection
	GlobalSection(ProjectConfigurationPlatforms) = postSolution
		{379FDB3D-E54D-4C67-800F-6961D7DFE1AB}.Debug|Any CPU.ActiveCfg = Debug|Any CPU
		{379FDB3D-E54D-4C67-800F-6961D7DFE1AB}.Debug|Any CPU.Build.0 = Debug|Any CPU
		{379FDB3D-E54D-4C67-800F-6961D7DFE1AB}.Release|Any CPU.ActiveCfg = Release|Any CPU
		{379FDB3D-E54D-4C67-800F-6961D7DFE1AB}.Release|Any CPU.Build.0 = Release|Any CPU
	EndGlobalSection
	GlobalSection(SolutionProperties) = preSolution
		HideSolutionNode = FALSE
	EndGlobalSection
	GlobalSection(ExtensibilityGlobals) = postSolution
		SolutionGuid = {ADB5818F-C5B3-4902-A581-AB30CAE6CFB7}
	EndGlobalSection
EndGlobal
